
Microsoft Visual Studio Solution File, Format Version 12.00
# Visual Studio Version 17
VisualStudioVersion = 17.4.33122.133
MinimumVisualStudioVersion = 10.0.40219.1
Project("{FAE04EC0-301F-11D3-BF4B-00C04F79EFBC}") = "CSharp_Task7", "CSharp_Task7.csproj", "{25798C73-2D94-4AEA-B30B-8AE0A38A5F9D}"
EndProject
Global
	GlobalSection(SolutionConfigurationPlatforms) = preSolution
		Debug|Any CPU = Debug|Any CPU
		Release|Any CPU = Release|Any CPU
	EndGlobalSection
	GlobalSection(ProjectConfigurationPlatforms) = postSolution
		{25798C73-2D94-4AEA-B30B-8AE0A38A5F9D}.Debug|Any CPU.ActiveCfg = Debug|Any CPU
		{25798C73-2D94-4AEA-B30B-8AE0A38A5F9D}.Debug|Any CPU.Build.0 = Debug|Any CPU
		{25798C73-2D94-4AEA-B30B-8AE0A38A5F9D}.Release|Any CPU.ActiveCfg = Release|Any CPU
		{25798C73-2D94-4AEA-B30B-8AE0A38A5F9D}.Release|Any CPU.Build.0 = Release|Any CPU
	EndGlobalSection
	GlobalSection(SolutionProperties) = preSolution
		HideSolutionNode = FALSE
	EndGlobalSection
	GlobalSection(ExtensibilityGlobals) = postSolution
		SolutionGuid = {095047CB-55FA-4799-9303-220B3D2FEE41}
	EndGlobalSection
EndGlobal
