
Microsoft Visual Studio Solution File, Format Version 12.00
# Visual Studio Version 17
VisualStudioVersion = 17.4.33122.133
MinimumVisualStudioVersion = 10.0.40219.1
Project("{FAE04EC0-301F-11D3-BF4B-00C04F79EFBC}") = "CSharp_Task6", "CSharp_Task6.csproj", "{701A7158-33D7-4402-A078-C8D57812E9E8}"
EndProject
Global
	GlobalSection(SolutionConfigurationPlatforms) = preSolution
		Debug|Any CPU = Debug|Any CPU
		Release|Any CPU = Release|Any CPU
	EndGlobalSection
	GlobalSection(ProjectConfigurationPlatforms) = postSolution
		{701A7158-33D7-4402-A078-C8D57812E9E8}.Debug|Any CPU.ActiveCfg = Debug|Any CPU
		{701A7158-33D7-4402-A078-C8D57812E9E8}.Debug|Any CPU.Build.0 = Debug|Any CPU
		{701A7158-33D7-4402-A078-C8D57812E9E8}.Release|Any CPU.ActiveCfg = Release|Any CPU
		{701A7158-33D7-4402-A078-C8D57812E9E8}.Release|Any CPU.Build.0 = Release|Any CPU
	EndGlobalSection
	GlobalSection(SolutionProperties) = preSolution
		HideSolutionNode = FALSE
	EndGlobalSection
	GlobalSection(ExtensibilityGlobals) = postSolution
		SolutionGuid = {BC3EBC8D-FA34-41D9-A908-3A640D83F5AE}
	EndGlobalSection
EndGlobal
